// !$*UTF8*$!
{
	archiveVersion = 1;
	classes = {
	};
	objectVersion = 77;
	objects = {

/* Begin PBXBuildFile section */
		AH175991805C6R3767U6268T /* GHeaderUserController.swift in Sources */ = {isa = PBXBuildFile; fileRef = CT323168457O07693901110N /* GHeaderUserController.swift */; };
		ARX76481Y0C77G510372FD3T /* OABTableView.swift in Sources */ = {isa = PBXBuildFile; fileRef = MT01O5SGB51200P4A06W7M2X /* OABTableView.swift */; };
		CVV3U183761B235594G65310 /* LMineZonsObject.swift in Sources */ = {isa = PBXBuildFile; fileRef = FZW2Q66E2AI14O851Y7033NW /* LMineZonsObject.swift */; };
		GC347ND7X520R9L37A4Y3Z91 /* BCenterController.swift in Sources */ = {isa = PBXBuildFile; fileRef = GLFY992T422KS217B012O5X9 /* BCenterController.swift */; };
		HW982A70244E95NQ899K10SS /* CJeanneView.swift in Sources */ = {isa = PBXBuildFile; fileRef = RB7SC5006W19515886317009 /* CJeanneView.swift */; };
		IC43V37P0519474Y4O7N398U /* Pods_Tendi.framework in Frameworks */ = {isa = PBXBuildFile; fileRef = B8MV095FG53J1193741S0501 /* Pods_Tendi.framework */; };
		ID245179Y3D32N27P6600UB2 /* ITModityObject.swift in Sources */ = {isa = PBXBuildFile; fileRef = ULM96370SZ06F5054M62Z150 /* ITModityObject.swift */; };
		IM26B2B763G3Z268Y9MDD08D /* SVZFindView.swift in Sources */ = {isa = PBXBuildFile; fileRef = OO1005988D20OQY2599T4JZ5 /* SVZFindView.swift */; };
		IY118A0AF1NM555336BV939R /* SSantiagoRegisterController.swift in Sources */ = {isa = PBXBuildFile; fileRef = TD0307JR370973NO87A87476 /* SSantiagoRegisterController.swift */; };
		KBI28174M199J60013B495H7 /* ESessionView.swift in Sources */ = {isa = PBXBuildFile; fileRef = OGM396R23ZK0R4612ITSO37X /* ESessionView.swift */; };
		KU04D40E9S3199455I874180 /* RTZJacobbradshawRegisterObject.swift in Sources */ = {isa = PBXBuildFile; fileRef = PF3E266X315Z5NV85U7565SJ /* RTZJacobbradshawRegisterObject.swift */; };
		MW903978A22824GHD624631Z /* KABirthdayView.swift in Sources */ = {isa = PBXBuildFile; fileRef = VU53MW1E39911A008O383N22 /* KABirthdayView.swift */; };
		PF477PB2000KX5T91IC2Y048 /* MVInformationHeaderObject.swift in Sources */ = {isa = PBXBuildFile; fileRef = VY67837L5EL4J9TB0SR757T6 /* MVInformationHeaderObject.swift */; };
		RI9WB1FSI0666C55YXB4830X /* UPickerHomeController.swift in Sources */ = {isa = PBXBuildFile; fileRef = SN4WG04Y74Q2C4V08988T3X2 /* UPickerHomeController.swift */; };
		SGK58OHJ8SGE32D1500LWS04 /* QRChatObject.swift in Sources */ = {isa = PBXBuildFile; fileRef = KY1301WA2L64C95M608L06A9 /* QRChatObject.swift */; };
		VM30JM0183X14577205Y5CR3 /* GAOPlayCenterView.swift in Sources */ = {isa = PBXBuildFile; fileRef = QR2915P0A17633XJ94376NU3 /* GAOPlayCenterView.swift */; };
		VM42W206NQ70Y1457929TAI0 /* PZGDetailObject.swift in Sources */ = {isa = PBXBuildFile; fileRef = IZ8H9RC6572Q51272W4C9690 /* PZGDetailObject.swift */; };
		WY5ZS33289578035E514ZO15 /* PUAgreementDataController.swift in Sources */ = {isa = PBXBuildFile; fileRef = KF144326HL910N0936ZM7144 /* PUAgreementDataController.swift */; };
		XX61685R9A308V8603ZF18A2 /* DDMAgreementPostObject.swift in Sources */ = {isa = PBXBuildFile; fileRef = UMV4A32UYHU5G4Y7L142C395 /* DDMAgreementPostObject.swift */; };
		YXB108920O66947428B7ETLJ /* HTabbarObject.swift in Sources */ = {isa = PBXBuildFile; fileRef = BPD50280UKNB358RIZ09M102 /* HTabbarObject.swift */; };
		ZM4VH5J137478DV186873708 /* EDetailsObject.swift in Sources */ = {isa = PBXBuildFile; fileRef = PG8H4UK87H03Y63793197M65 /* EDetailsObject.swift */; };
		ZXOS6G687707XZ93Y4141072 /* ZNewsLiviController.swift in Sources */ = {isa = PBXBuildFile; fileRef = TUUB38327093300Z4293P0GY /* ZNewsLiviController.swift */; };
/* End PBXBuildFile section */

/* Begin PBXFileReference section */
		81043235KQ575BY0119D8J45 /* Pods-Tendi.release.xcconfig */ = {isa = PBXFileReference; includeInIndex = 1; lastKnownFileType = text.xcconfig; name = "Pods-Tendi.release.xcconfig"; path = "Target Support Files/Pods-Tendi/Pods-Tendi.release.xcconfig"; sourceTree = "<group>"; };
		9532RV9TS04A3480042I2PC9 /* Tendi.app */ = {isa = PBXFileReference; explicitFileType = wrapper.application; includeInIndex = 0; path = Tendi.app; sourceTree = BUILT_PRODUCTS_DIR; };
		B8MV095FG53J1193741S0501 /* Pods_Tendi.framework */ = {isa = PBXFileReference; explicitFileType = wrapper.framework; includeInIndex = 0; path = Pods_Tendi.framework; sourceTree = BUILT_PRODUCTS_DIR; };
		BPD50280UKNB358RIZ09M102 /* HTabbarObject.swift */ = {isa = PBXFileReference; fileEncoding = 4; lastKnownFileType = sourcecode.c.swift; path = HTabbarObject.swift; sourceTree = "<group>"; };
		CT323168457O07693901110N /* GHeaderUserController.swift */ = {isa = PBXFileReference; fileEncoding = 4; lastKnownFileType = sourcecode.c.swift; path = GHeaderUserController.swift; sourceTree = "<group>"; };
		FSN4U85X5377B433PU7OYS54 /* Pods-Tendi.debug.xcconfig */ = {isa = PBXFileReference; includeInIndex = 1; lastKnownFileType = text.xcconfig; name = "Pods-Tendi.debug.xcconfig"; path = "Target Support Files/Pods-Tendi/Pods-Tendi.debug.xcconfig"; sourceTree = "<group>"; };
		FZW2Q66E2AI14O851Y7033NW /* LMineZonsObject.swift */ = {isa = PBXFileReference; fileEncoding = 4; lastKnownFileType = sourcecode.c.swift; path = LMineZonsObject.swift; sourceTree = "<group>"; };
		GLFY992T422KS217B012O5X9 /* BCenterController.swift */ = {isa = PBXFileReference; fileEncoding = 4; lastKnownFileType = sourcecode.c.swift; path = BCenterController.swift; sourceTree = "<group>"; };
		IZ8H9RC6572Q51272W4C9690 /* PZGDetailObject.swift */ = {isa = PBXFileReference; fileEncoding = 4; lastKnownFileType = sourcecode.c.swift; path = PZGDetailObject.swift; sourceTree = "<group>"; };
		KF144326HL910N0936ZM7144 /* PUAgreementDataController.swift */ = {isa = PBXFileReference; fileEncoding = 4; lastKnownFileType = sourcecode.c.swift; path = PUAgreementDataController.swift; sourceTree = "<group>"; };
		KY1301WA2L64C95M608L06A9 /* QRChatObject.swift */ = {isa = PBXFileReference; fileEncoding = 4; lastKnownFileType = sourcecode.c.swift; path = QRChatObject.swift; sourceTree = "<group>"; };
		MT01O5SGB51200P4A06W7M2X /* OABTableView.swift */ = {isa = PBXFileReference; fileEncoding = 4; lastKnownFileType = sourcecode.c.swift; path = OABTableView.swift; sourceTree = "<group>"; };
		OGM396R23ZK0R4612ITSO37X /* ESessionView.swift */ = {isa = PBXFileReference; fileEncoding = 4; lastKnownFileType = sourcecode.c.swift; path = ESessionView.swift; sourceTree = "<group>"; };
		OO1005988D20OQY2599T4JZ5 /* SVZFindView.swift */ = {isa = PBXFileReference; fileEncoding = 4; lastKnownFileType = sourcecode.c.swift; path = SVZFindView.swift; sourceTree = "<group>"; };
		PF3E266X315Z5NV85U7565SJ /* RTZJacobbradshawRegisterObject.swift */ = {isa = PBXFileReference; fileEncoding = 4; lastKnownFileType = sourcecode.c.swift; path = RTZJacobbradshawRegisterObject.swift; sourceTree = "<group>"; };
		PG8H4UK87H03Y63793197M65 /* EDetailsObject.swift */ = {isa = PBXFileReference; fileEncoding = 4; lastKnownFileType = sourcecode.c.swift; path = EDetailsObject.swift; sourceTree = "<group>"; };
		QR2915P0A17633XJ94376NU3 /* GAOPlayCenterView.swift */ = {isa = PBXFileReference; fileEncoding = 4; lastKnownFileType = sourcecode.c.swift; path = GAOPlayCenterView.swift; sourceTree = "<group>"; };
		RB7SC5006W19515886317009 /* CJeanneView.swift */ = {isa = PBXFileReference; fileEncoding = 4; lastKnownFileType = sourcecode.c.swift; path = CJeanneView.swift; sourceTree = "<group>"; };
		SN4WG04Y74Q2C4V08988T3X2 /* UPickerHomeController.swift */ = {isa = PBXFileReference; fileEncoding = 4; lastKnownFileType = sourcecode.c.swift; path = UPickerHomeController.swift; sourceTree = "<group>"; };
		TD0307JR370973NO87A87476 /* SSantiagoRegisterController.swift */ = {isa = PBXFileReference; fileEncoding = 4; lastKnownFileType = sourcecode.c.swift; path = SSantiagoRegisterController.swift; sourceTree = "<group>"; };
		TUUB38327093300Z4293P0GY /* ZNewsLiviController.swift */ = {isa = PBXFileReference; fileEncoding = 4; lastKnownFileType = sourcecode.c.swift; path = ZNewsLiviController.swift; sourceTree = "<group>"; };
		ULM96370SZ06F5054M62Z150 /* ITModityObject.swift */ = {isa = PBXFileReference; fileEncoding = 4; lastKnownFileType = sourcecode.c.swift; path = ITModityObject.swift; sourceTree = "<group>"; };
		UMV4A32UYHU5G4Y7L142C395 /* DDMAgreementPostObject.swift */ = {isa = PBXFileReference; fileEncoding = 4; lastKnownFileType = sourcecode.c.swift; path = DDMAgreementPostObject.swift; sourceTree = "<group>"; };
		VU53MW1E39911A008O383N22 /* KABirthdayView.swift */ = {isa = PBXFileReference; fileEncoding = 4; lastKnownFileType = sourcecode.c.swift; path = KABirthdayView.swift; sourceTree = "<group>"; };
		VY67837L5EL4J9TB0SR757T6 /* MVInformationHeaderObject.swift */ = {isa = PBXFileReference; fileEncoding = 4; lastKnownFileType = sourcecode.c.swift; path = MVInformationHeaderObject.swift; sourceTree = "<group>"; };
/* End PBXFileReference section */

/* Begin PBXFileSystemSynchronizedBuildFileExceptionSet section */
		L407M23U75460T35CFB0D567 /* Exceptions for "Tendi" folder in "Tendi" target */ = {
			isa = PBXFileSystemSynchronizedBuildFileExceptionSet;
			membershipExceptions = (
				Info.plist,
			);
			target = B25K3F397EX405Q449Q6B54L /* Tendi */;
		};
/* End PBXFileSystemSynchronizedBuildFileExceptionSet section */

/* Begin PBXFileSystemSynchronizedRootGroup section */
		70733UKH22345Z2C335867GF /* Tendi */ = {
			isa = PBXFileSystemSynchronizedRootGroup;
			exceptions = (
				L407M23U75460T35CFB0D567 /* Exceptions for "Tendi" folder in "Tendi" target */,
			);
			path = Tendi;
			sourceTree = "<group>";
		};
/* End PBXFileSystemSynchronizedRootGroup section */

/* Begin PBXFrameworksBuildPhase section */
		LH4C5F3060Y5UR3P95O1KV42 /* Frameworks */ = {
			isa = PBXFrameworksBuildPhase;
			buildActionMask = 2147483647;
			files = (
				IC43V37P0519474Y4O7N398U /* Pods_Tendi.framework in Frameworks */,
			);
			runOnlyForDeploymentPostprocessing = 0;
		};
/* End PBXFrameworksBuildPhase section */

/* Begin PBXGroup section */
		14704N1804633C273Q610810 /* Frameworks */ = {
			isa = PBXGroup;
			children = (
				B8MV095FG53J1193741S0501 /* Pods_Tendi.framework */,
			);
			name = Frameworks;
			sourceTree = "<group>";
		};
		402T44D867ELJJ76446396E0 = {
			isa = PBXGroup;
			children = (
				70733UKH22345Z2C335867GF /* Tendi */,
				8TL767203134238S5V01E7V8 /* Products */,
				P979K31M8O8982W6105C68ZZ /* Pods */,
				14704N1804633C273Q610810 /* Frameworks */,
				UL582740W775303M64428A27 /* purposeful */,
			);
			sourceTree = "<group>";
		};
		8TL767203134238S5V01E7V8 /* Products */ = {
			isa = PBXGroup;
			children = (
				9532RV9TS04A3480042I2PC9 /* Tendi.app */,
			);
			name = Products;
			sourceTree = "<group>";
		};
		P979K31M8O8982W6105C68ZZ /* Pods */ = {
			isa = PBXGroup;
			children = (
				FSN4U85X5377B433PU7OYS54 /* Pods-Tendi.debug.xcconfig */,
				81043235KQ575BY0119D8J45 /* Pods-Tendi.release.xcconfig */,
			);
			path = Pods;
			sourceTree = "<group>";
		};
		UL582740W775303M64428A27 /* purposeful */ = {
			isa = PBXGroup;
			children = (
				BPD50280UKNB358RIZ09M102 /* HTabbarObject.swift */,
				PG8H4UK87H03Y63793197M65 /* EDetailsObject.swift */,
				QR2915P0A17633XJ94376NU3 /* GAOPlayCenterView.swift */,
				KY1301WA2L64C95M608L06A9 /* QRChatObject.swift */,
				GLFY992T422KS217B012O5X9 /* BCenterController.swift */,
				TUUB38327093300Z4293P0GY /* ZNewsLiviController.swift */,
				OO1005988D20OQY2599T4JZ5 /* SVZFindView.swift */,
				MT01O5SGB51200P4A06W7M2X /* OABTableView.swift */,
				OGM396R23ZK0R4612ITSO37X /* ESessionView.swift */,
				VY67837L5EL4J9TB0SR757T6 /* MVInformationHeaderObject.swift */,
				RB7SC5006W19515886317009 /* CJeanneView.swift */,
				IZ8H9RC6572Q51272W4C9690 /* PZGDetailObject.swift */,
				PF3E266X315Z5NV85U7565SJ /* RTZJacobbradshawRegisterObject.swift */,
				KF144326HL910N0936ZM7144 /* PUAgreementDataController.swift */,
				FZW2Q66E2AI14O851Y7033NW /* LMineZonsObject.swift */,
				CT323168457O07693901110N /* GHeaderUserController.swift */,
				VU53MW1E39911A008O383N22 /* KABirthdayView.swift */,
				TD0307JR370973NO87A87476 /* SSantiagoRegisterController.swift */,
				UMV4A32UYHU5G4Y7L142C395 /* DDMAgreementPostObject.swift */,
				SN4WG04Y74Q2C4V08988T3X2 /* UPickerHomeController.swift */,
				ULM96370SZ06F5054M62Z150 /* ITModityObject.swift */,
			);
			path = purposeful;
			sourceTree = "<group>";
		};
/* End PBXGroup section */

/* Begin PBXNativeTarget section */
		B25K3F397EX405Q449Q6B54L /* Tendi */ = {
			isa = PBXNativeTarget;
			buildConfigurationList = 1392X4482360G0906E13TJ0O /* Build configuration list for PBXNativeTarget "Tendi" */;
			buildPhases = (
				36YM0H166D70J65C4S467L07 /* [CP] Check Pods Manifest.lock */,
				RT198837M8312120941CA19T /* Sources */,
				LH4C5F3060Y5UR3P95O1KV42 /* Frameworks */,
				2V2634452131IV1VZ59U93WI /* Resources */,
			);
			buildRules = (
			);
			dependencies = (
			);
			fileSystemSynchronizedGroups = (
				70733UKH22345Z2C335867GF /* Tendi */,
			);
			name = Tendi;
			productName = Tendi;
			productReference = 9532RV9TS04A3480042I2PC9 /* Tendi.app */;
			productType = "com.apple.product-type.application";
		};
/* End PBXNativeTarget section */

/* Begin PBXProject section */
		Z482E3Z222WQ22X6XKX57KN1 /* Project object */ = {
			isa = PBXProject;
			attributes = {
				BuildIndependentTargetsInParallel = 1;
				LastSwiftUpdateCheck = 2660;
				LastUpgradeCheck = 2660;
				TargetAttributes = {
					B25K3F397EX405Q449Q6B54L = {
						CreatedOnToolsVersion = 26.6;
					};
				};
			};
			buildConfigurationList = 453MF4785U1RZ8055C20F152 /* Build configuration list for PBXProject "Tendi" */;
			developmentRegion = en;
			hasScannedForEncodings = 0;
			knownRegions = (
				en,
				Base,
			);
			mainGroup = 402T44D867ELJJ76446396E0;
			minimizedProjectReferenceProxies = 1;
			preferredProjectObjectVersion = 77;
			productRefGroup = 8TL767203134238S5V01E7V8 /* Products */;
			projectDirPath = "";
			projectRoot = "";
			targets = (
				B25K3F397EX405Q449Q6B54L /* Tendi */,
			);
		};
/* End PBXProject section */

/* Begin PBXResourcesBuildPhase section */
		2V2634452131IV1VZ59U93WI /* Resources */ = {
			isa = PBXResourcesBuildPhase;
			buildActionMask = 2147483647;
			files = (
			);
			runOnlyForDeploymentPostprocessing = 0;
		};
/* End PBXResourcesBuildPhase section */

/* Begin PBXShellScriptBuildPhase section */
		36YM0H166D70J65C4S467L07 /* [CP] Check Pods Manifest.lock */ = {
			isa = PBXShellScriptBuildPhase;
			buildActionMask = 2147483647;
			files = (
			);
			inputFileListPaths = (
			);
			inputPaths = (
				"${PODS_PODFILE_DIR_PATH}/Podfile.lock",
				"${PODS_ROOT}/Manifest.lock",
			);
			name = "[CP] Check Pods Manifest.lock";
			outputFileListPaths = (
			);
			outputPaths = (
				"$(DERIVED_FILE_DIR)/Pods-Tendi-checkManifestLockResult.txt",
			);
			runOnlyForDeploymentPostprocessing = 0;
			shellPath = /bin/sh;
			shellScript = "diff \"${PODS_PODFILE_DIR_PATH}/Podfile.lock\" \"${PODS_ROOT}/Manifest.lock\" > /dev/null\nif [ $? != 0 ] ; then\n    # print error to STDERR\n    echo \"error: The sandbox is not in sync with the Podfile.lock. Run 'pod install' or update your CocoaPods installation.\" >&2\n    exit 1\nfi\n# This output is used by Xcode 'outputs' to avoid re-running this script phase.\necho \"SUCCESS\" > \"${SCRIPT_OUTPUT_FILE_0}\"\n";
			showEnvVarsInLog = 0;
		};
/* End PBXShellScriptBuildPhase section */

/* Begin PBXSourcesBuildPhase section */
		RT198837M8312120941CA19T /* Sources */ = {
			isa = PBXSourcesBuildPhase;
			buildActionMask = 2147483647;
			files = (
				YXB108920O66947428B7ETLJ /* HTabbarObject.swift in Sources */,
				ZM4VH5J137478DV186873708 /* EDetailsObject.swift in Sources */,
				VM30JM0183X14577205Y5CR3 /* GAOPlayCenterView.swift in Sources */,
				SGK58OHJ8SGE32D1500LWS04 /* QRChatObject.swift in Sources */,
				GC347ND7X520R9L37A4Y3Z91 /* BCenterController.swift in Sources */,
				ZXOS6G687707XZ93Y4141072 /* ZNewsLiviController.swift in Sources */,
				IM26B2B763G3Z268Y9MDD08D /* SVZFindView.swift in Sources */,
				ARX76481Y0C77G510372FD3T /* OABTableView.swift in Sources */,
				KBI28174M199J60013B495H7 /* ESessionView.swift in Sources */,
				PF477PB2000KX5T91IC2Y048 /* MVInformationHeaderObject.swift in Sources */,
				HW982A70244E95NQ899K10SS /* CJeanneView.swift in Sources */,
				VM42W206NQ70Y1457929TAI0 /* PZGDetailObject.swift in Sources */,
				KU04D40E9S3199455I874180 /* RTZJacobbradshawRegisterObject.swift in Sources */,
				WY5ZS33289578035E514ZO15 /* PUAgreementDataController.swift in Sources */,
				CVV3U183761B235594G65310 /* LMineZonsObject.swift in Sources */,
				AH175991805C6R3767U6268T /* GHeaderUserController.swift in Sources */,
				MW903978A22824GHD624631Z /* KABirthdayView.swift in Sources */,
				IY118A0AF1NM555336BV939R /* SSantiagoRegisterController.swift in Sources */,
				XX61685R9A308V8603ZF18A2 /* DDMAgreementPostObject.swift in Sources */,
				RI9WB1FSI0666C55YXB4830X /* UPickerHomeController.swift in Sources */,
				ID245179Y3D32N27P6600UB2 /* ITModityObject.swift in Sources */,
			);
			runOnlyForDeploymentPostprocessing = 0;
		};
/* End PBXSourcesBuildPhase section */

/* Begin XCBuildConfiguration section */
		100093411SHHUNCNX83D92A7 /* Debug */ = {
			isa = XCBuildConfiguration;
			baseConfigurationReference = FSN4U85X5377B433PU7OYS54 /* Pods-Tendi.debug.xcconfig */;
			buildSettings = {
				ASSETCATALOG_COMPILER_APPICON_NAME = AppIcon;
				ASSETCATALOG_COMPILER_GLOBAL_ACCENT_COLOR_NAME = AccentColor;
				CODE_SIGN_IDENTITY = "Apple Development";
				CODE_SIGN_STYLE = Manual;
				CURRENT_PROJECT_VERSION = 1;
				DEVELOPMENT_TEAM = "";
				GENERATE_INFOPLIST_FILE = YES;
				INFOPLIST_FILE = Tendi/Info.plist;
				INFOPLIST_KEY_CFBundleDisplayName = Tendi;
				INFOPLIST_KEY_NSCameraUsageDescription = "The app requires your consent to access the camera, take photos, change the profile picture, and post dynamic images. It also allows you to record videos and post video updates.";
				INFOPLIST_KEY_NSMicrophoneUsageDescription = "The app requires your consent to access the voice function. You can have voice chats with your friends.";
				INFOPLIST_KEY_NSPhotoLibraryUsageDescription = "This application requires your authorization to access the photo album. You can select a photo to change your profile picture, post text updates and video updates, and have video chats with friends.";
				INFOPLIST_KEY_UIApplicationSupportsIndirectInputEvents = YES;
				INFOPLIST_KEY_UILaunchStoryboardName = LaunchScreen;
				INFOPLIST_KEY_UIMainStoryboardFile = Main;
				INFOPLIST_KEY_UISupportedInterfaceOrientations = UIInterfaceOrientationPortrait;
				INFOPLIST_KEY_UISupportedInterfaceOrientations_iPad = "UIInterfaceOrientationLandscapeLeft UIInterfaceOrientationLandscapeRight UIInterfaceOrientationPortrait UIInterfaceOrientationPortraitUpsideDown";
				INFOPLIST_KEY_UIUserInterfaceStyle = Light;
				IPHONEOS_DEPLOYMENT_TARGET = 15.0;
				LD_RUNPATH_SEARCH_PATHS = (
					"$(inherited)",
					"@executable_path/Frameworks",
				);
				MARKETING_VERSION = 1.0.0;
				PRODUCT_BUNDLE_IDENTIFIER = com.wanqiu.yqbzs;
				PRODUCT_NAME = "$(TARGET_NAME)";
				PROVISIONING_PROFILE_SPECIFIER = "";
				STRING_CATALOG_GENERATE_SYMBOLS = YES;
				SUPPORTED_PLATFORMS = "iphoneos iphonesimulator";
				SUPPORTS_MACCATALYST = NO;
				SUPPORTS_MAC_DESIGNED_FOR_IPHONE_IPAD = NO;
				SWIFT_APPROACHABLE_CONCURRENCY = YES;
				SWIFT_DEFAULT_ACTOR_ISOLATION = MainActor;
				SWIFT_EMIT_LOC_STRINGS = YES;
				SWIFT_UPCOMING_FEATURE_MEMBER_IMPORT_VISIBILITY = YES;
				SWIFT_VERSION = 5.0;
				TARGETED_DEVICE_FAMILY = 1;
			};
			name = Debug;
		};
		2K566419H635626Y01VC968Q /* Release */ = {
			isa = XCBuildConfiguration;
			baseConfigurationReference = 81043235KQ575BY0119D8J45 /* Pods-Tendi.release.xcconfig */;
			buildSettings = {
				ASSETCATALOG_COMPILER_APPICON_NAME = AppIcon;
				ASSETCATALOG_COMPILER_GLOBAL_ACCENT_COLOR_NAME = AccentColor;
				CODE_SIGN_IDENTITY = "Apple Development";
				CODE_SIGN_STYLE = Manual;
				CURRENT_PROJECT_VERSION = 1;
				DEVELOPMENT_TEAM = "";
				GENERATE_INFOPLIST_FILE = YES;
				INFOPLIST_FILE = Tendi/Info.plist;
				INFOPLIST_KEY_CFBundleDisplayName = Tendi;
				INFOPLIST_KEY_NSCameraUsageDescription = "The app requires your consent to access the camera, take photos, change the profile picture, and post dynamic images. It also allows you to record videos and post video updates.";
				INFOPLIST_KEY_NSMicrophoneUsageDescription = "The app requires your consent to access the voice function. You can have voice chats with your friends.";
				INFOPLIST_KEY_NSPhotoLibraryUsageDescription = "This application requires your authorization to access the photo album. You can select a photo to change your profile picture, post text updates and video updates, and have video chats with friends.";
				INFOPLIST_KEY_UIApplicationSupportsIndirectInputEvents = YES;
				INFOPLIST_KEY_UILaunchStoryboardName = LaunchScreen;
				INFOPLIST_KEY_UIMainStoryboardFile = Main;
				INFOPLIST_KEY_UISupportedInterfaceOrientations = UIInterfaceOrientationPortrait;
				INFOPLIST_KEY_UISupportedInterfaceOrientations_iPad = "UIInterfaceOrientationLandscapeLeft UIInterfaceOrientationLandscapeRight UIInterfaceOrientationPortrait UIInterfaceOrientationPortraitUpsideDown";
				INFOPLIST_KEY_UIUserInterfaceStyle = Light;
				IPHONEOS_DEPLOYMENT_TARGET = 15.0;
				LD_RUNPATH_SEARCH_PATHS = (
					"$(inherited)",
					"@executable_path/Frameworks",
				);
				MARKETING_VERSION = 1.0.0;
				PRODUCT_BUNDLE_IDENTIFIER = com.wanqiu.yqbzs;
				PRODUCT_NAME = "$(TARGET_NAME)";
				PROVISIONING_PROFILE_SPECIFIER = "";
				STRING_CATALOG_GENERATE_SYMBOLS = YES;
				SUPPORTED_PLATFORMS = "iphoneos iphonesimulator";
				SUPPORTS_MACCATALYST = NO;
				SUPPORTS_MAC_DESIGNED_FOR_IPHONE_IPAD = NO;
				SWIFT_APPROACHABLE_CONCURRENCY = YES;
				SWIFT_DEFAULT_ACTOR_ISOLATION = MainActor;
				SWIFT_EMIT_LOC_STRINGS = YES;
				SWIFT_UPCOMING_FEATURE_MEMBER_IMPORT_VISIBILITY = YES;
				SWIFT_VERSION = 5.0;
				TARGETED_DEVICE_FAMILY = 1;
			};
			name = Release;
		};
		543MD37794EO15L50Z39116W /* Debug */ = {
			isa = XCBuildConfiguration;
			buildSettings = {
				ALWAYS_SEARCH_USER_PATHS = NO;
				ASSETCATALOG_COMPILER_GENERATE_SWIFT_ASSET_SYMBOL_EXTENSIONS = YES;
				CLANG_ANALYZER_NONNULL = YES;
				CLANG_ANALYZER_NUMBER_OBJECT_CONVERSION = YES_AGGRESSIVE;
				CLANG_CXX_LANGUAGE_STANDARD = "gnu++20";
				CLANG_ENABLE_MODULES = YES;
				CLANG_ENABLE_OBJC_ARC = YES;
				CLANG_ENABLE_OBJC_WEAK = YES;
				CLANG_WARN_BLOCK_CAPTURE_AUTORELEASING = YES;
				CLANG_WARN_BOOL_CONVERSION = YES;
				CLANG_WARN_COMMA = YES;
				CLANG_WARN_CONSTANT_CONVERSION = YES;
				CLANG_WARN_DEPRECATED_OBJC_IMPLEMENTATIONS = YES;
				CLANG_WARN_DIRECT_OBJC_ISA_USAGE = YES_ERROR;
				CLANG_WARN_DOCUMENTATION_COMMENTS = YES;
				CLANG_WARN_EMPTY_BODY = YES;
				CLANG_WARN_ENUM_CONVERSION = YES;
				CLANG_WARN_INFINITE_RECURSION = YES;
				CLANG_WARN_INT_CONVERSION = YES;
				CLANG_WARN_NON_LITERAL_NULL_CONVERSION = YES;
				CLANG_WARN_OBJC_IMPLICIT_RETAIN_SELF = YES;
				CLANG_WARN_OBJC_LITERAL_CONVERSION = YES;
				CLANG_WARN_OBJC_ROOT_CLASS = YES_ERROR;
				CLANG_WARN_QUOTED_INCLUDE_IN_FRAMEWORK_HEADER = YES;
				CLANG_WARN_RANGE_LOOP_ANALYSIS = YES;
				CLANG_WARN_STRICT_PROTOTYPES = YES;
				CLANG_WARN_SUSPICIOUS_MOVE = YES;
				CLANG_WARN_UNGUARDED_AVAILABILITY = YES_AGGRESSIVE;
				CLANG_WARN_UNREACHABLE_CODE = YES;
				CLANG_WARN__DUPLICATE_METHOD_MATCH = YES;
				COPY_PHASE_STRIP = NO;
				DEBUG_INFORMATION_FORMAT = dwarf;
				ENABLE_STRICT_OBJC_MSGSEND = YES;
				ENABLE_TESTABILITY = YES;
				ENABLE_USER_SCRIPT_SANDBOXING = YES;
				GCC_C_LANGUAGE_STANDARD = gnu17;
				GCC_DYNAMIC_NO_PIC = NO;
				GCC_NO_COMMON_BLOCKS = YES;
				GCC_OPTIMIZATION_LEVEL = 0;
				GCC_PREPROCESSOR_DEFINITIONS = (
					"DEBUG=1",
					"$(inherited)",
				);
				GCC_WARN_64_TO_32_BIT_CONVERSION = YES;
				GCC_WARN_ABOUT_RETURN_TYPE = YES_ERROR;
				GCC_WARN_UNDECLARED_SELECTOR = YES;
				GCC_WARN_UNINITIALIZED_AUTOS = YES_AGGRESSIVE;
				GCC_WARN_UNUSED_FUNCTION = YES;
				GCC_WARN_UNUSED_VARIABLE = YES;
				IPHONEOS_DEPLOYMENT_TARGET = 26.5;
				LOCALIZATION_PREFERS_STRING_CATALOGS = YES;
				MTL_ENABLE_DEBUG_INFO = INCLUDE_SOURCE;
				MTL_FAST_MATH = YES;
				ONLY_ACTIVE_ARCH = YES;
				SDKROOT = iphoneos;
				SWIFT_ACTIVE_COMPILATION_CONDITIONS = "DEBUG $(inherited)";
				SWIFT_OPTIMIZATION_LEVEL = "-Onone";
			};
			name = Debug;
		};
		79Z785M638U12EP034654M71 /* Release */ = {
			isa = XCBuildConfiguration;
			buildSettings = {
				ALWAYS_SEARCH_USER_PATHS = NO;
				ASSETCATALOG_COMPILER_GENERATE_SWIFT_ASSET_SYMBOL_EXTENSIONS = YES;
				CLANG_ANALYZER_NONNULL = YES;
				CLANG_ANALYZER_NUMBER_OBJECT_CONVERSION = YES_AGGRESSIVE;
				CLANG_CXX_LANGUAGE_STANDARD = "gnu++20";
				CLANG_ENABLE_MODULES = YES;
				CLANG_ENABLE_OBJC_ARC = YES;
				CLANG_ENABLE_OBJC_WEAK = YES;
				CLANG_WARN_BLOCK_CAPTURE_AUTORELEASING = YES;
				CLANG_WARN_BOOL_CONVERSION = YES;
				CLANG_WARN_COMMA = YES;
				CLANG_WARN_CONSTANT_CONVERSION = YES;
				CLANG_WARN_DEPRECATED_OBJC_IMPLEMENTATIONS = YES;
				CLANG_WARN_DIRECT_OBJC_ISA_USAGE = YES_ERROR;
				CLANG_WARN_DOCUMENTATION_COMMENTS = YES;
				CLANG_WARN_EMPTY_BODY = YES;
				CLANG_WARN_ENUM_CONVERSION = YES;
				CLANG_WARN_INFINITE_RECURSION = YES;
				CLANG_WARN_INT_CONVERSION = YES;
				CLANG_WARN_NON_LITERAL_NULL_CONVERSION = YES;
				CLANG_WARN_OBJC_IMPLICIT_RETAIN_SELF = YES;
				CLANG_WARN_OBJC_LITERAL_CONVERSION = YES;
				CLANG_WARN_OBJC_ROOT_CLASS = YES_ERROR;
				CLANG_WARN_QUOTED_INCLUDE_IN_FRAMEWORK_HEADER = YES;
				CLANG_WARN_RANGE_LOOP_ANALYSIS = YES;
				CLANG_WARN_STRICT_PROTOTYPES = YES;
				CLANG_WARN_SUSPICIOUS_MOVE = YES;
				CLANG_WARN_UNGUARDED_AVAILABILITY = YES_AGGRESSIVE;
				CLANG_WARN_UNREACHABLE_CODE = YES;
				CLANG_WARN__DUPLICATE_METHOD_MATCH = YES;
				COPY_PHASE_STRIP = NO;
				DEBUG_INFORMATION_FORMAT = "dwarf-with-dsym";
				ENABLE_NS_ASSERTIONS = NO;
				ENABLE_STRICT_OBJC_MSGSEND = YES;
				ENABLE_USER_SCRIPT_SANDBOXING = YES;
				GCC_C_LANGUAGE_STANDARD = gnu17;
				GCC_NO_COMMON_BLOCKS = YES;
				GCC_WARN_64_TO_32_BIT_CONVERSION = YES;
				GCC_WARN_ABOUT_RETURN_TYPE = YES_ERROR;
				GCC_WARN_UNDECLARED_SELECTOR = YES;
				GCC_WARN_UNINITIALIZED_AUTOS = YES_AGGRESSIVE;
				GCC_WARN_UNUSED_FUNCTION = YES;
				GCC_WARN_UNUSED_VARIABLE = YES;
				IPHONEOS_DEPLOYMENT_TARGET = 26.5;
				LOCALIZATION_PREFERS_STRING_CATALOGS = YES;
				MTL_ENABLE_DEBUG_INFO = NO;
				MTL_FAST_MATH = YES;
				SDKROOT = iphoneos;
				SWIFT_COMPILATION_MODE = wholemodule;
				VALIDATE_PRODUCT = YES;
			};
			name = Release;
		};
/* End XCBuildConfiguration section */

/* Begin XCConfigurationList section */
		1392X4482360G0906E13TJ0O /* Build configuration list for PBXNativeTarget "Tendi" */ = {
			isa = XCConfigurationList;
			buildConfigurations = (
				100093411SHHUNCNX83D92A7 /* Debug */,
				2K566419H635626Y01VC968Q /* Release */,
			);
			defaultConfigurationIsVisible = 0;
			defaultConfigurationName = Release;
		};
		453MF4785U1RZ8055C20F152 /* Build configuration list for PBXProject "Tendi" */ = {
			isa = XCConfigurationList;
			buildConfigurations = (
				543MD37794EO15L50Z39116W /* Debug */,
				79Z785M638U12EP034654M71 /* Release */,
			);
			defaultConfigurationIsVisible = 0;
			defaultConfigurationName = Release;
		};
/* End XCConfigurationList section */
	};
	rootObject = Z482E3Z222WQ22X6XKX57KN1 /* Project object */;
}
